# Code generated by scarb DO NOT EDIT.
version = 1

[[package]]
name = "dependency"
version = "0.1.0"

[[package]]
name = "import_external_deps_with_workspace"
version = "0.1.0"
dependencies = [
 "dependency",
 "openzeppelin",
]

[[package]]
name = "openzeppelin"
version = "0.13.0"
source = "git+https://github.com/OpenZeppelin/cairo-contracts.git?tag=v0.13.0#978b4e75209da355667d8954d2450e32bd71fe49"
